// !$*UTF8*$!
{
	archiveVersion = 1;
	classes = {
	};
	objectVersion = 50;
	objects = {

/* Begin PBXBuildFile section */
		1CB0420B258266D800C61FAB /* Warning.plist in Resources */ = {isa = PBXBuildFile; fileRef = 1CB0420A258266D800C61FAB /* Warning.plist */; };
		1CB042102582782C00C61FAB /* LocationManager.swift in Sources */ = {isa = PBXBuildFile; fileRef = 1CB0420F2582782C00C61FAB /* LocationManager.swift */; };
		1CB042182582E16A00C61FAB /* WarningString.swift in Sources */ = {isa = PBXBuildFile; fileRef = 1CB042172582E16A00C61FAB /* WarningString.swift */; };
		1CB042342583183000C61FAB /* Localizable.strings in Resources */ = {isa = PBXBuildFile; fileRef = 1CB042362583183000C61FAB /* Localizable.strings */; };
		1CEBB88225810CFC001CFF3C /* Covid19App.swift in Sources */ = {isa = PBXBuildFile; fileRef = 1CEBB88125810CFC001CFF3C /* Covid19App.swift */; };
		1CEBB88425810CFC001CFF3C /* ContentView.swift in Sources */ = {isa = PBXBuildFile; fileRef = 1CEBB88325810CFC001CFF3C /* ContentView.swift */; };
		1CEBB88625810CFE001CFF3C /* Assets.xcassets in Resources */ = {isa = PBXBuildFile; fileRef = 1CEBB88525810CFE001CFF3C /* Assets.xcassets */; };
		1CEBB88925810CFE001CFF3C /* Preview Assets.xcassets in Resources */ = {isa = PBXBuildFile; fileRef = 1CEBB88825810CFE001CFF3C /* Preview Assets.xcassets */; };
		1CEBB89425810CFF001CFF3C /* Covid19Tests.swift in Sources */ = {isa = PBXBuildFile; fileRef = 1CEBB89325810CFF001CFF3C /* Covid19Tests.swift */; };
		1CEBB89F25810CFF001CFF3C /* Covid19UITests.swift in Sources */ = {isa = PBXBuildFile; fileRef = 1CEBB89E25810CFF001CFF3C /* Covid19UITests.swift */; };
		1CEBB8B025810DAE001CFF3C /* JsonReader.swift in Sources */ = {isa = PBXBuildFile; fileRef = 1CEBB8AF25810DAE001CFF3C /* JsonReader.swift */; };
		1CEBB8B82581A895001CFF3C /* WarningLevel.swift in Sources */ = {isa = PBXBuildFile; fileRef = 1CEBB8B72581A895001CFF3C /* WarningLevel.swift */; };
/* End PBXBuildFile section */

/* Begin PBXContainerItemProxy section */
		1CEBB89025810CFF001CFF3C /* PBXContainerItemProxy */ = {
			isa = PBXContainerItemProxy;
			containerPortal = 1CEBB87625810CFC001CFF3C /* Project object */;
			proxyType = 1;
			remoteGlobalIDString = 1CEBB87D25810CFC001CFF3C;
			remoteInfo = Covid19;
		};
		1CEBB89B25810CFF001CFF3C /* PBXContainerItemProxy */ = {
			isa = PBXContainerItemProxy;
			containerPortal = 1CEBB87625810CFC001CFF3C /* Project object */;
			proxyType = 1;
			remoteGlobalIDString = 1CEBB87D25810CFC001CFF3C;
			remoteInfo = Covid19;
		};
/* End PBXContainerItemProxy section */

/* Begin PBXFileReference section */
		1CB0420A258266D800C61FAB /* Warning.plist */ = {isa = PBXFileReference; lastKnownFileType = text.plist.xml; name = Warning.plist; path = Covid19/Warning.plist; sourceTree = SOURCE_ROOT; };
		1CB0420F2582782C00C61FAB /* LocationManager.swift */ = {isa = PBXFileReference; lastKnownFileType = sourcecode.swift; path = LocationManager.swift; sourceTree = "<group>"; };
		1CB042172582E16A00C61FAB /* WarningString.swift */ = {isa = PBXFileReference; lastKnownFileType = sourcecode.swift; path = WarningString.swift; sourceTree = "<group>"; };
		1CB042352583183000C61FAB /* en */ = {isa = PBXFileReference; lastKnownFileType = text.plist.strings; name = en; path = en.lproj/Localizable.strings; sourceTree = "<group>"; };
		1CB0423A2583188300C61FAB /* de */ = {isa = PBXFileReference; lastKnownFileType = text.plist.strings; name = de; path = de.lproj/Localizable.strings; sourceTree = "<group>"; };
		1CEBB87E25810CFC001CFF3C /* Covid19.app */ = {isa = PBXFileReference; explicitFileType = wrapper.application; includeInIndex = 0; path = Covid19.app; sourceTree = BUILT_PRODUCTS_DIR; };
		1CEBB88125810CFC001CFF3C /* Covid19App.swift */ = {isa = PBXFileReference; lastKnownFileType = sourcecode.swift; path = Covid19App.swift; sourceTree = "<group>"; };
		1CEBB88325810CFC001CFF3C /* ContentView.swift */ = {isa = PBXFileReference; lastKnownFileType = sourcecode.swift; path = ContentView.swift; sourceTree = "<group>"; };
		1CEBB88525810CFE001CFF3C /* Assets.xcassets */ = {isa = PBXFileReference; lastKnownFileType = folder.assetcatalog; path = Assets.xcassets; sourceTree = "<group>"; };
		1CEBB88825810CFE001CFF3C /* Preview Assets.xcassets */ = {isa = PBXFileReference; lastKnownFileType = folder.assetcatalog; path = "Preview Assets.xcassets"; sourceTree = "<group>"; };
		1CEBB88A25810CFE001CFF3C /* Info.plist */ = {isa = PBXFileReference; lastKnownFileType = text.plist.xml; path = Info.plist; sourceTree = "<group>"; };
		1CEBB88F25810CFF001CFF3C /* Covid19Tests.xctest */ = {isa = PBXFileReference; explicitFileType = wrapper.cfbundle; includeInIndex = 0; path = Covid19Tests.xctest; sourceTree = BUILT_PRODUCTS_DIR; };
		1CEBB89325810CFF001CFF3C /* Covid19Tests.swift */ = {isa = PBXFileReference; lastKnownFileType = sourcecode.swift; path = Covid19Tests.swift; sourceTree = "<group>"; };
		1CEBB89525810CFF001CFF3C /* Info.plist */ = {isa = PBXFileReference; lastKnownFileType = text.plist.xml; path = Info.plist; sourceTree = "<group>"; };
		1CEBB89A25810CFF001CFF3C /* Covid19UITests.xctest */ = {isa = PBXFileReference; explicitFileType = wrapper.cfbundle; includeInIndex = 0; path = Covid19UITests.xctest; sourceTree = BUILT_PRODUCTS_DIR; };
		1CEBB89E25810CFF001CFF3C /* Covid19UITests.swift */ = {isa = PBXFileReference; lastKnownFileType = sourcecode.swift; path = Covid19UITests.swift; sourceTree = "<group>"; };
		1CEBB8A025810CFF001CFF3C /* Info.plist */ = {isa = PBXFileReference; lastKnownFileType = text.plist.xml; path = Info.plist; sourceTree = "<group>"; };
		1CEBB8AF25810DAE001CFF3C /* JsonReader.swift */ = {isa = PBXFileReference; lastKnownFileType = sourcecode.swift; path = JsonReader.swift; sourceTree = "<group>"; };
		1CEBB8B72581A895001CFF3C /* WarningLevel.swift */ = {isa = PBXFileReference; lastKnownFileType = sourcecode.swift; path = WarningLevel.swift; sourceTree = "<group>"; };
/* End PBXFileReference section */

/* Begin PBXFrameworksBuildPhase section */
		1CEBB87B25810CFC001CFF3C /* Frameworks */ = {
			isa = PBXFrameworksBuildPhase;
			buildActionMask = 2147483647;
			files = (
			);
			runOnlyForDeploymentPostprocessing = 0;
		};
		1CEBB88C25810CFF001CFF3C /* Frameworks */ = {
			isa = PBXFrameworksBuildPhase;
			buildActionMask = 2147483647;
			files = (
			);
			runOnlyForDeploymentPostprocessing = 0;
		};
		1CEBB89725810CFF001CFF3C /* Frameworks */ = {
			isa = PBXFrameworksBuildPhase;
			buildActionMask = 2147483647;
			files = (
			);
			runOnlyForDeploymentPostprocessing = 0;
		};
/* End PBXFrameworksBuildPhase section */

/* Begin PBXGroup section */
		1CB042062582669600C61FAB /* WarningInfo */ = {
			isa = PBXGroup;
			children = (
				1CEBB8B72581A895001CFF3C /* WarningLevel.swift */,
				1CB0420F2582782C00C61FAB /* LocationManager.swift */,
				1CB042172582E16A00C61FAB /* WarningString.swift */,
			);
			path = WarningInfo;
			sourceTree = "<group>";
		};
		1CB042292582E75700C61FAB /* JsonReader */ = {
			isa = PBXGroup;
			children = (
				1CEBB8AF25810DAE001CFF3C /* JsonReader.swift */,
			);
			name = JsonReader;
			sourceTree = "<group>";
		};
		1CB0422E258314F100C61FAB /* Resources */ = {
			isa = PBXGroup;
			children = (
				1CB042362583183000C61FAB /* Localizable.strings */,
			);
			path = Resources;
			sourceTree = "<group>";
		};
		1CEBB87525810CFC001CFF3C = {
			isa = PBXGroup;
			children = (
				1CEBB88025810CFC001CFF3C /* Covid19 */,
				1CEBB89225810CFF001CFF3C /* Covid19Tests */,
				1CEBB89D25810CFF001CFF3C /* Covid19UITests */,
				1CEBB87F25810CFC001CFF3C /* Products */,
			);
			sourceTree = "<group>";
		};
		1CEBB87F25810CFC001CFF3C /* Products */ = {
			isa = PBXGroup;
			children = (
				1CEBB87E25810CFC001CFF3C /* Covid19.app */,
				1CEBB88F25810CFF001CFF3C /* Covid19Tests.xctest */,
				1CEBB89A25810CFF001CFF3C /* Covid19UITests.xctest */,
			);
			name = Products;
			sourceTree = "<group>";
		};
		1CEBB88025810CFC001CFF3C /* Covid19 */ = {
			isa = PBXGroup;
			children = (
				1CB0422E258314F100C61FAB /* Resources */,
				1CB0420A258266D800C61FAB /* Warning.plist */,
				1CEBB88125810CFC001CFF3C /* Covid19App.swift */,
				1CEBB88325810CFC001CFF3C /* ContentView.swift */,
				1CB042292582E75700C61FAB /* JsonReader */,
				1CEBB88525810CFE001CFF3C /* Assets.xcassets */,
				1CEBB88A25810CFE001CFF3C /* Info.plist */,
				1CEBB88725810CFE001CFF3C /* Preview Content */,
				1CB042062582669600C61FAB /* WarningInfo */,
			);
			path = Covid19;
			sourceTree = "<group>";
		};
		1CEBB88725810CFE001CFF3C /* Preview Content */ = {
			isa = PBXGroup;
			children = (
				1CEBB88825810CFE001CFF3C /* Preview Assets.xcassets */,
			);
			path = "Preview Content";
			sourceTree = "<group>";
		};
		1CEBB89225810CFF001CFF3C /* Covid19Tests */ = {
			isa = PBXGroup;
			children = (
				1CEBB89325810CFF001CFF3C /* Covid19Tests.swift */,
				1CEBB89525810CFF001CFF3C /* Info.plist */,
			);
			path = Covid19Tests;
			sourceTree = "<group>";
		};
		1CEBB89D25810CFF001CFF3C /* Covid19UITests */ = {
			isa = PBXGroup;
			children = (
				1CEBB89E25810CFF001CFF3C /* Covid19UITests.swift */,
				1CEBB8A025810CFF001CFF3C /* Info.plist */,
			);
			path = Covid19UITests;
			sourceTree = "<group>";
		};
/* End PBXGroup section */

/* Begin PBXNativeTarget section */
		1CEBB87D25810CFC001CFF3C /* Covid19 */ = {
			isa = PBXNativeTarget;
			buildConfigurationList = 1CEBB8A325810CFF001CFF3C /* Build configuration list for PBXNativeTarget "Covid19" */;
			buildPhases = (
				1CEBB87A25810CFC001CFF3C /* Sources */,
				1CEBB87B25810CFC001CFF3C /* Frameworks */,
				1CEBB87C25810CFC001CFF3C /* Resources */,
			);
			buildRules = (
			);
			dependencies = (
			);
			name = Covid19;
			productName = Covid19;
			productReference = 1CEBB87E25810CFC001CFF3C /* Covid19.app */;
			productType = "com.apple.product-type.application";
		};
		1CEBB88E25810CFF001CFF3C /* Covid19Tests */ = {
			isa = PBXNativeTarget;
			buildConfigurationList = 1CEBB8A625810CFF001CFF3C /* Build configuration list for PBXNativeTarget "Covid19Tests" */;
			buildPhases = (
				1CEBB88B25810CFF001CFF3C /* Sources */,
				1CEBB88C25810CFF001CFF3C /* Frameworks */,
				1CEBB88D25810CFF001CFF3C /* Resources */,
			);
			buildRules = (
			);
			dependencies = (
				1CEBB89125810CFF001CFF3C /* PBXTargetDependency */,
			);
			name = Covid19Tests;
			productName = Covid19Tests;
			productReference = 1CEBB88F25810CFF001CFF3C /* Covid19Tests.xctest */;
			productType = "com.apple.product-type.bundle.unit-test";
		};
		1CEBB89925810CFF001CFF3C /* Covid19UITests */ = {
			isa = PBXNativeTarget;
			buildConfigurationList = 1CEBB8A925810CFF001CFF3C /* Build configuration list for PBXNativeTarget "Covid19UITests" */;
			buildPhases = (
				1CEBB89625810CFF001CFF3C /* Sources */,
				1CEBB89725810CFF001CFF3C /* Frameworks */,
				1CEBB89825810CFF001CFF3C /* Resources */,
			);
			buildRules = (
			);
			dependencies = (
				1CEBB89C25810CFF001CFF3C /* PBXTargetDependency */,
			);
			name = Covid19UITests;
			productName = Covid19UITests;
			productReference = 1CEBB89A25810CFF001CFF3C /* Covid19UITests.xctest */;
			productType = "com.apple.product-type.bundle.ui-testing";
		};
/* End PBXNativeTarget section */

/* Begin PBXProject section */
		1CEBB87625810CFC001CFF3C /* Project object */ = {
			isa = PBXProject;
			attributes = {
				LastSwiftUpdateCheck = 1220;
				LastUpgradeCheck = 1220;
				TargetAttributes = {
					1CEBB87D25810CFC001CFF3C = {
						CreatedOnToolsVersion = 12.2;
					};
					1CEBB88E25810CFF001CFF3C = {
						CreatedOnToolsVersion = 12.2;
						TestTargetID = 1CEBB87D25810CFC001CFF3C;
					};
					1CEBB89925810CFF001CFF3C = {
						CreatedOnToolsVersion = 12.2;
						TestTargetID = 1CEBB87D25810CFC001CFF3C;
					};
				};
			};
			buildConfigurationList = 1CEBB87925810CFC001CFF3C /* Build configuration list for PBXProject "Covid19" */;
			compatibilityVersion = "Xcode 9.3";
			developmentRegion = en;
			hasScannedForEncodings = 0;
			knownRegions = (
				en,
				Base,
				de,
			);
			mainGroup = 1CEBB87525810CFC001CFF3C;
			productRefGroup = 1CEBB87F25810CFC001CFF3C /* Products */;
			projectDirPath = "";
			projectRoot = "";
			targets = (
				1CEBB87D25810CFC001CFF3C /* Covid19 */,
				1CEBB88E25810CFF001CFF3C /* Covid19Tests */,
				1CEBB89925810CFF001CFF3C /* Covid19UITests */,
			);
		};
/* End PBXProject section */

/* Begin PBXResourcesBuildPhase section */
		1CEBB87C25810CFC001CFF3C /* Resources */ = {
			isa = PBXResourcesBuildPhase;
			buildActionMask = 2147483647;
			files = (
				1CEBB88925810CFE001CFF3C /* Preview Assets.xcassets in Resources */,
				1CB042342583183000C61FAB /* Localizable.strings in Resources */,
				1CEBB88625810CFE001CFF3C /* Assets.xcassets in Resources */,
				1CB0420B258266D800C61FAB /* Warning.plist in Resources */,
			);
			runOnlyForDeploymentPostprocessing = 0;
		};
		1CEBB88D25810CFF001CFF3C /* Resources */ = {
			isa = PBXResourcesBuildPhase;
			buildActionMask = 2147483647;
			files = (
			);
			runOnlyForDeploymentPostprocessing = 0;
		};
		1CEBB89825810CFF001CFF3C /* Resources */ = {
			isa = PBXResourcesBuildPhase;
			buildActionMask = 2147483647;
			files = (
			);
			runOnlyForDeploymentPostprocessing = 0;
		};
/* End PBXResourcesBuildPhase section */

/* Begin PBXSourcesBuildPhase section */
		1CEBB87A25810CFC001CFF3C /* Sources */ = {
			isa = PBXSourcesBuildPhase;
			buildActionMask = 2147483647;
			files = (
				1CEBB88425810CFC001CFF3C /* ContentView.swift in Sources */,
				1CEBB8B025810DAE001CFF3C /* JsonReader.swift in Sources */,
				1CB042102582782C00C61FAB /* LocationManager.swift in Sources */,
				1CB042182582E16A00C61FAB /* WarningString.swift in Sources */,
				1CEBB88225810CFC001CFF3C /* Covid19App.swift in Sources */,
				1CEBB8B82581A895001CFF3C /* WarningLevel.swift in Sources */,
			);
			runOnlyForDeploymentPostprocessing = 0;
		};
		1CEBB88B25810CFF001CFF3C /* Sources */ = {
			isa = PBXSourcesBuildPhase;
			buildActionMask = 2147483647;
			files = (
				1CEBB89425810CFF001CFF3C /* Covid19Tests.swift in Sources */,
			);
			runOnlyForDeploymentPostprocessing = 0;
		};
		1CEBB89625810CFF001CFF3C /* Sources */ = {
			isa = PBXSourcesBuildPhase;
			buildActionMask = 2147483647;
			files = (
				1CEBB89F25810CFF001CFF3C /* Covid19UITests.swift in Sources */,
			);
			runOnlyForDeploymentPostprocessing = 0;
		};
/* End PBXSourcesBuildPhase section */

/* Begin PBXTargetDependency section */
		1CEBB89125810CFF001CFF3C /* PBXTargetDependency */ = {
			isa = PBXTargetDependency;
			target = 1CEBB87D25810CFC001CFF3C /* Covid19 */;
			targetProxy = 1CEBB89025810CFF001CFF3C /* PBXContainerItemProxy */;
		};
		1CEBB89C25810CFF001CFF3C /* PBXTargetDependency */ = {
			isa = PBXTargetDependency;
			target = 1CEBB87D25810CFC001CFF3C /* Covid19 */;
			targetProxy = 1CEBB89B25810CFF001CFF3C /* PBXContainerItemProxy */;
		};
/* End PBXTargetDependency section */

/* Begin PBXVariantGroup section */
		1CB042362583183000C61FAB /* Localizable.strings */ = {
			isa = PBXVariantGroup;
			children = (
				1CB042352583183000C61FAB /* en */,
				1CB0423A2583188300C61FAB /* de */,
			);
			name = Localizable.strings;
			sourceTree = "<group>";
		};
/* End PBXVariantGroup section */

/* Begin XCBuildConfiguration section */
		1CEBB8A125810CFF001CFF3C /* Debug */ = {
			isa = XCBuildConfiguration;
			buildSettings = {
				ALWAYS_SEARCH_USER_PATHS = NO;
				CLANG_ANALYZER_LOCALIZABILITY_NONLOCALIZED = YES;
				CLANG_ANALYZER_NONNULL = YES;
				CLANG_ANALYZER_NUMBER_OBJECT_CONVERSION = YES_AGGRESSIVE;
				CLANG_CXX_LANGUAGE_STANDARD = "gnu++14";
				CLANG_CXX_LIBRARY = "libc++";
				CLANG_ENABLE_MODULES = YES;
				CLANG_ENABLE_OBJC_ARC = YES;
				CLANG_ENABLE_OBJC_WEAK = YES;
				CLANG_WARN_BLOCK_CAPTURE_AUTORELEASING = YES;
				CLANG_WARN_BOOL_CONVERSION = YES;
				CLANG_WARN_COMMA = YES;
				CLANG_WARN_CONSTANT_CONVERSION = YES;
				CLANG_WARN_DEPRECATED_OBJC_IMPLEMENTATIONS = YES;
				CLANG_WARN_DIRECT_OBJC_ISA_USAGE = YES_ERROR;
				CLANG_WARN_DOCUMENTATION_COMMENTS = YES;
				CLANG_WARN_EMPTY_BODY = YES;
				CLANG_WARN_ENUM_CONVERSION = YES;
				CLANG_WARN_INFINITE_RECURSION = YES;
				CLANG_WARN_INT_CONVERSION = YES;
				CLANG_WARN_NON_LITERAL_NULL_CONVERSION = YES;
				CLANG_WARN_OBJC_IMPLICIT_RETAIN_SELF = YES;
				CLANG_WARN_OBJC_LITERAL_CONVERSION = YES;
				CLANG_WARN_OBJC_ROOT_CLASS = YES_ERROR;
				CLANG_WARN_QUOTED_INCLUDE_IN_FRAMEWORK_HEADER = YES;
				CLANG_WARN_RANGE_LOOP_ANALYSIS = YES;
				CLANG_WARN_STRICT_PROTOTYPES = YES;
				CLANG_WARN_SUSPICIOUS_MOVE = YES;
				CLANG_WARN_UNGUARDED_AVAILABILITY = YES_AGGRESSIVE;
				CLANG_WARN_UNREACHABLE_CODE = YES;
				CLANG_WARN__DUPLICATE_METHOD_MATCH = YES;
				COPY_PHASE_STRIP = NO;
				DEBUG_INFORMATION_FORMAT = dwarf;
				ENABLE_STRICT_OBJC_MSGSEND = YES;
				ENABLE_TESTABILITY = YES;
				GCC_C_LANGUAGE_STANDARD = gnu11;
				GCC_DYNAMIC_NO_PIC = NO;
				GCC_NO_COMMON_BLOCKS = YES;
				GCC_OPTIMIZATION_LEVEL = 0;
				GCC_PREPROCESSOR_DEFINITIONS = (
					"DEBUG=1",
					"$(inherited)",
				);
				GCC_WARN_64_TO_32_BIT_CONVERSION = YES;
				GCC_WARN_ABOUT_RETURN_TYPE = YES_ERROR;
				GCC_WARN_UNDECLARED_SELECTOR = YES;
				GCC_WARN_UNINITIALIZED_AUTOS = YES_AGGRESSIVE;
				GCC_WARN_UNUSED_FUNCTION = YES;
				GCC_WARN_UNUSED_VARIABLE = YES;
				IPHONEOS_DEPLOYMENT_TARGET = 14.2;
				MTL_ENABLE_DEBUG_INFO = INCLUDE_SOURCE;
				MTL_FAST_MATH = YES;
				ONLY_ACTIVE_ARCH = YES;
				SDKROOT = iphoneos;
				SWIFT_ACTIVE_COMPILATION_CONDITIONS = DEBUG;
				SWIFT_OPTIMIZATION_LEVEL = "-Onone";
			};
			name = Debug;
		};
		1CEBB8A225810CFF001CFF3C /* Release */ = {
			isa = XCBuildConfiguration;
			buildSettings = {
				ALWAYS_SEARCH_USER_PATHS = NO;
				CLANG_ANALYZER_LOCALIZABILITY_NONLOCALIZED = YES;
				CLANG_ANALYZER_NONNULL = YES;
				CLANG_ANALYZER_NUMBER_OBJECT_CONVERSION = YES_AGGRESSIVE;
				CLANG_CXX_LANGUAGE_STANDARD = "gnu++14";
				CLANG_CXX_LIBRARY = "libc++";
				CLANG_ENABLE_MODULES = YES;
				CLANG_ENABLE_OBJC_ARC = YES;
				CLANG_ENABLE_OBJC_WEAK = YES;
				CLANG_WARN_BLOCK_CAPTURE_AUTORELEASING = YES;
				CLANG_WARN_BOOL_CONVERSION = YES;
				CLANG_WARN_COMMA = YES;
				CLANG_WARN_CONSTANT_CONVERSION = YES;
				CLANG_WARN_DEPRECATED_OBJC_IMPLEMENTATIONS = YES;
				CLANG_WARN_DIRECT_OBJC_ISA_USAGE = YES_ERROR;
				CLANG_WARN_DOCUMENTATION_COMMENTS = YES;
				CLANG_WARN_EMPTY_BODY = YES;
				CLANG_WARN_ENUM_CONVERSION = YES;
				CLANG_WARN_INFINITE_RECURSION = YES;
				CLANG_WARN_INT_CONVERSION = YES;
				CLANG_WARN_NON_LITERAL_NULL_CONVERSION = YES;
				CLANG_WARN_OBJC_IMPLICIT_RETAIN_SELF = YES;
				CLANG_WARN_OBJC_LITERAL_CONVERSION = YES;
				CLANG_WARN_OBJC_ROOT_CLASS = YES_ERROR;
				CLANG_WARN_QUOTED_INCLUDE_IN_FRAMEWORK_HEADER = YES;
				CLANG_WARN_RANGE_LOOP_ANALYSIS = YES;
				CLANG_WARN_STRICT_PROTOTYPES = YES;
				CLANG_WARN_SUSPICIOUS_MOVE = YES;
				CLANG_WARN_UNGUARDED_AVAILABILITY = YES_AGGRESSIVE;
				CLANG_WARN_UNREACHABLE_CODE = YES;
				CLANG_WARN__DUPLICATE_METHOD_MATCH = YES;
				COPY_PHASE_STRIP = NO;
				DEBUG_INFORMATION_FORMAT = "dwarf-with-dsym";
				ENABLE_NS_ASSERTIONS = NO;
				ENABLE_STRICT_OBJC_MSGSEND = YES;
				GCC_C_LANGUAGE_STANDARD = gnu11;
				GCC_NO_COMMON_BLOCKS = YES;
				GCC_WARN_64_TO_32_BIT_CONVERSION = YES;
				GCC_WARN_ABOUT_RETURN_TYPE = YES_ERROR;
				GCC_WARN_UNDECLARED_SELECTOR = YES;
				GCC_WARN_UNINITIALIZED_AUTOS = YES_AGGRESSIVE;
				GCC_WARN_UNUSED_FUNCTION = YES;
				GCC_WARN_UNUSED_VARIABLE = YES;
				IPHONEOS_DEPLOYMENT_TARGET = 14.2;
				MTL_ENABLE_DEBUG_INFO = NO;
				MTL_FAST_MATH = YES;
				SDKROOT = iphoneos;
				SWIFT_COMPILATION_MODE = wholemodule;
				SWIFT_OPTIMIZATION_LEVEL = "-O";
				VALIDATE_PRODUCT = YES;
			};
			name = Release;
		};
		1CEBB8A425810CFF001CFF3C /* Debug */ = {
			isa = XCBuildConfiguration;
			buildSettings = {
				ASSETCATALOG_COMPILER_APPICON_NAME = AppIcon;
				ASSETCATALOG_COMPILER_GLOBAL_ACCENT_COLOR_NAME = AccentColor;
				CODE_SIGN_STYLE = Automatic;
				DEVELOPMENT_ASSET_PATHS = "\"Covid19/Preview Content\"";
				ENABLE_PREVIEWS = YES;
				INFOPLIST_FILE = Covid19/Info.plist;
				IPHONEOS_DEPLOYMENT_TARGET = 14.0;
				LD_RUNPATH_SEARCH_PATHS = (
					"$(inherited)",
					"@executable_path/Frameworks",
				);
				PRODUCT_BUNDLE_IDENTIFIER = com.junghua.Covid19;
				PRODUCT_NAME = "$(TARGET_NAME)";
				SWIFT_VERSION = 5.0;
				TARGETED_DEVICE_FAMILY = "1,2";
			};
			name = Debug;
		};
		1CEBB8A525810CFF001CFF3C /* Release */ = {
			isa = XCBuildConfiguration;
			buildSettings = {
				ASSETCATALOG_COMPILER_APPICON_NAME = AppIcon;
				ASSETCATALOG_COMPILER_GLOBAL_ACCENT_COLOR_NAME = AccentColor;
				CODE_SIGN_STYLE = Automatic;
				DEVELOPMENT_ASSET_PATHS = "\"Covid19/Preview Content\"";
				ENABLE_PREVIEWS = YES;
				INFOPLIST_FILE = Covid19/Info.plist;
				IPHONEOS_DEPLOYMENT_TARGET = 14.0;
				LD_RUNPATH_SEARCH_PATHS = (
					"$(inherited)",
					"@executable_path/Frameworks",
				);
				PRODUCT_BUNDLE_IDENTIFIER = com.junghua.Covid19;
				PRODUCT_NAME = "$(TARGET_NAME)";
				SWIFT_VERSION = 5.0;
				TARGETED_DEVICE_FAMILY = "1,2";
			};
			name = Release;
		};
		1CEBB8A725810CFF001CFF3C /* Debug */ = {
			isa = XCBuildConfiguration;
			buildSettings = {
				ALWAYS_EMBED_SWIFT_STANDARD_LIBRARIES = YES;
				BUNDLE_LOADER = "$(TEST_HOST)";
				CODE_SIGN_STYLE = Automatic;
				INFOPLIST_FILE = Covid19Tests/Info.plist;
				IPHONEOS_DEPLOYMENT_TARGET = 14.0;
				LD_RUNPATH_SEARCH_PATHS = (
					"$(inherited)",
					"@executable_path/Frameworks",
					"@loader_path/Frameworks",
				);
				PRODUCT_BUNDLE_IDENTIFIER = com.junghua.Covid19Tests;
				PRODUCT_NAME = "$(TARGET_NAME)";
				SWIFT_VERSION = 5.0;
				TARGETED_DEVICE_FAMILY = "1,2";
				TEST_HOST = "$(BUILT_PRODUCTS_DIR)/Covid19.app/Covid19";
			};
			name = Debug;
		};
		1CEBB8A825810CFF001CFF3C /* Release */ = {
			isa = XCBuildConfiguration;
			buildSettings = {
				ALWAYS_EMBED_SWIFT_STANDARD_LIBRARIES = YES;
				BUNDLE_LOADER = "$(TEST_HOST)";
				CODE_SIGN_STYLE = Automatic;
				INFOPLIST_FILE = Covid19Tests/Info.plist;
				IPHONEOS_DEPLOYMENT_TARGET = 14.0;
				LD_RUNPATH_SEARCH_PATHS = (
					"$(inherited)",
					"@executable_path/Frameworks",
					"@loader_path/Frameworks",
				);
				PRODUCT_BUNDLE_IDENTIFIER = com.junghua.Covid19Tests;
				PRODUCT_NAME = "$(TARGET_NAME)";
				SWIFT_VERSION = 5.0;
				TARGETED_DEVICE_FAMILY = "1,2";
				TEST_HOST = "$(BUILT_PRODUCTS_DIR)/Covid19.app/Covid19";
			};
			name = Release;
		};
		1CEBB8AA25810CFF001CFF3C /* Debug */ = {
			isa = XCBuildConfiguration;
			buildSettings = {
				ALWAYS_EMBED_SWIFT_STANDARD_LIBRARIES = YES;
				CODE_SIGN_STYLE = Automatic;
				INFOPLIST_FILE = Covid19UITests/Info.plist;
				LD_RUNPATH_SEARCH_PATHS = (
					"$(inherited)",
					"@executable_path/Frameworks",
					"@loader_path/Frameworks",
				);
				PRODUCT_BUNDLE_IDENTIFIER = com.junghua.Covid19UITests;
				PRODUCT_NAME = "$(TARGET_NAME)";
				SWIFT_VERSION = 5.0;
				TARGETED_DEVICE_FAMILY = "1,2";
				TEST_TARGET_NAME = Covid19;
			};
			name = Debug;
		};
		1CEBB8AB25810CFF001CFF3C /* Release */ = {
			isa = XCBuildConfiguration;
			buildSettings = {
				ALWAYS_EMBED_SWIFT_STANDARD_LIBRARIES = YES;
				CODE_SIGN_STYLE = Automatic;
				INFOPLIST_FILE = Covid19UITests/Info.plist;
				LD_RUNPATH_SEARCH_PATHS = (
					"$(inherited)",
					"@executable_path/Frameworks",
					"@loader_path/Frameworks",
				);
				PRODUCT_BUNDLE_IDENTIFIER = com.junghua.Covid19UITests;
				PRODUCT_NAME = "$(TARGET_NAME)";
				SWIFT_VERSION = 5.0;
				TARGETED_DEVICE_FAMILY = "1,2";
				TEST_TARGET_NAME = Covid19;
			};
			name = Release;
		};
/* End XCBuildConfiguration section */

/* Begin XCConfigurationList section */
		1CEBB87925810CFC001CFF3C /* Build configuration list for PBXProject "Covid19" */ = {
			isa = XCConfigurationList;
			buildConfigurations = (
				1CEBB8A125810CFF001CFF3C /* Debug */,
				1CEBB8A225810CFF001CFF3C /* Release */,
			);
			defaultConfigurationIsVisible = 0;
			defaultConfigurationName = Release;
		};
		1CEBB8A325810CFF001CFF3C /* Build configuration list for PBXNativeTarget "Covid19" */ = {
			isa = XCConfigurationList;
			buildConfigurations = (
				1CEBB8A425810CFF001CFF3C /* Debug */,
				1CEBB8A525810CFF001CFF3C /* Release */,
			);
			defaultConfigurationIsVisible = 0;
			defaultConfigurationName = Release;
		};
		1CEBB8A625810CFF001CFF3C /* Build configuration list for PBXNativeTarget "Covid19Tests" */ = {
			isa = XCConfigurationList;
			buildConfigurations = (
				1CEBB8A725810CFF001CFF3C /* Debug */,
				1CEBB8A825810CFF001CFF3C /* Release */,
			);
			defaultConfigurationIsVisible = 0;
			defaultConfigurationName = Release;
		};
		1CEBB8A925810CFF001CFF3C /* Build configuration list for PBXNativeTarget "Covid19UITests" */ = {
			isa = XCConfigurationList;
			buildConfigurations = (
				1CEBB8AA25810CFF001CFF3C /* Debug */,
				1CEBB8AB25810CFF001CFF3C /* Release */,
			);
			defaultConfigurationIsVisible = 0;
			defaultConfigurationName = Release;
		};
/* End XCConfigurationList section */
	};
	rootObject = 1CEBB87625810CFC001CFF3C /* Project object */;
}
